
Microsoft Visual Studio Solution File, Format Version 12.00
# Visual Studio Version 17
VisualStudioVersion = 17.13.35931.197
MinimumVisualStudioVersion = 10.0.40219.1
Project("{FAE04EC0-301F-11D3-BF4B-00C04F79EFBC}") = "Vlammend_Varken", "Vlammend_Varken\Vlammend_Varken.csproj", "{892D2DDE-9622-4E75-AF9C-F2D32E0B3106}"
EndProject
Project("{FAE04EC0-301F-11D3-BF4B-00C04F79EFBC}") = "Vlammend_Varken.API", "Vlammend_Varken.API\Vlammend_Varken.API.csproj", "{00F542ED-5C35-44CB-B509-7FE4CFA22CCA}"
EndProject
Project("{FAE04EC0-301F-11D3-BF4B-00C04F79EFBC}") = "Vlammend_Varken.Core", "Vlammend_Varken.Core\Vlammend_Varken.Core.csproj", "{1864BD5C-1B67-41DE-84AA-6618BA4EB3A6}"
EndProject
Global
	GlobalSection(SolutionConfigurationPlatforms) = preSolution
		Debug|Any CPU = Debug|Any CPU
		Release|Any CPU = Release|Any CPU
	EndGlobalSection
	GlobalSection(ProjectConfigurationPlatforms) = postSolution
		{892D2DDE-9622-4E75-AF9C-F2D32E0B3106}.Debug|Any CPU.ActiveCfg = Debug|Any CPU
		{892D2DDE-9622-4E75-AF9C-F2D32E0B3106}.Debug|Any CPU.Build.0 = Debug|Any CPU
		{892D2DDE-9622-4E75-AF9C-F2D32E0B3106}.Release|Any CPU.ActiveCfg = Release|Any CPU
		{892D2DDE-9622-4E75-AF9C-F2D32E0B3106}.Release|Any CPU.Build.0 = Release|Any CPU
		{00F542ED-5C35-44CB-B509-7FE4CFA22CCA}.Debug|Any CPU.ActiveCfg = Debug|Any CPU
		{00F542ED-5C35-44CB-B509-7FE4CFA22CCA}.Debug|Any CPU.Build.0 = Debug|Any CPU
		{00F542ED-5C35-44CB-B509-7FE4CFA22CCA}.Release|Any CPU.ActiveCfg = Release|Any CPU
		{00F542ED-5C35-44CB-B509-7FE4CFA22CCA}.Release|Any CPU.Build.0 = Release|Any CPU
		{1864BD5C-1B67-41DE-84AA-6618BA4EB3A6}.Debug|Any CPU.ActiveCfg = Debug|Any CPU
		{1864BD5C-1B67-41DE-84AA-6618BA4EB3A6}.Debug|Any CPU.Build.0 = Debug|Any CPU
		{1864BD5C-1B67-41DE-84AA-6618BA4EB3A6}.Release|Any CPU.ActiveCfg = Release|Any CPU
		{1864BD5C-1B67-41DE-84AA-6618BA4EB3A6}.Release|Any CPU.Build.0 = Release|Any CPU
	EndGlobalSection
	GlobalSection(SolutionProperties) = preSolution
		HideSolutionNode = FALSE
	EndGlobalSection
	GlobalSection(ExtensibilityGlobals) = postSolution
		SolutionGuid = {BBF8D7B3-8BC1-4815-83D8-7351D781D3E8}
	EndGlobalSection
EndGlobal
